{
  "lockfileVersion": 1,
  "configVersion": 1,
  "workspaces": {
    "": {
      "name": "@xieyuheng/x-lisp-boot",
      "dependencies": {
        "@xieyuheng/command.js": "^0.2.3",
        "@xieyuheng/x-sexp.js": "^0.5.8",
        "zod": "^4.1.12",
      },
      "devDependencies": {
        "@types/node": "^24.10.1",
        "prettier": "^3.6.2",
        "prettier-plugin-organize-imports": "^4.3.0",
        "typescript": "^5.9.3",
      },
    },
  },
  "packages": {
    "@types/node": ["@types/node@24.10.1", "", { "dependencies": { "undici-types": "~7.16.0" } }, "sha512-GNWcUTRBgIRJD5zj+Tq0fKOJ5XZajIiBroOF0yvj2bSU1WvNdYS/dn9UxwsujGW4JX06dnHyjV2y9rRaybH0iQ=="],

    "@xieyuheng/command.js": ["@xieyuheng/command.js@0.2.3", "", {}, "sha512-2pyhP7NW/DV0FDPGO4tRWFRldxd5F04xq389GBsuWGQCrNacOjmU/nlR8tJKl/rATZJV5bwuyKXZ72jMdMsFnQ=="],

    "@xieyuheng/x-sexp.js": ["@xieyuheng/x-sexp.js@0.5.8", "", { "dependencies": { "@xieyuheng/command.js": "^0.2.3" }, "bin": { "x-sexp.js": "lib/main.js" } }, "sha512-JVxLCthStDtx7fpGybgXJQxbHeP1NbT4b1NHAn3nNVEmiWlbK/fyjugN+Mx/nbneMycb4AiyRbqWZgSj18SWnA=="],

    "prettier": ["prettier@3.6.2", "", { "bin": { "prettier": "bin/prettier.cjs" } }, "sha512-I7AIg5boAr5R0FFtJ6rCfD+LFsWHp81dolrFD8S79U9tb8Az2nGrJncnMSnys+bpQJfRUzqs9hnA81OAA3hCuQ=="],

    "prettier-plugin-organize-imports": ["prettier-plugin-organize-imports@4.3.0", "", { "peerDependencies": { "prettier": ">=2.0", "typescript": ">=2.9", "vue-tsc": "^2.1.0 || 3" }, "optionalPeers": ["vue-tsc"] }, "sha512-FxFz0qFhyBsGdIsb697f/EkvHzi5SZOhWAjxcx2dLt+Q532bAlhswcXGYB1yzjZ69kW8UoadFBw7TyNwlq96Iw=="],

    "typescript": ["typescript@5.9.3", "", { "bin": { "tsc": "bin/tsc", "tsserver": "bin/tsserver" } }, "sha512-jl1vZzPDinLr9eUt3J/t7V6FgNEw9QjvBPdysz9KfQDD41fQrC2Y4vKQdiaUpFT4bXlb1RHhLpp8wtm6M5TgSw=="],

    "undici-types": ["undici-types@7.16.0", "", {}, "sha512-Zz+aZWSj8LE6zoxD+xrjh4VfkIG8Ya6LvYkZqtUQGJPZjYl53ypCaUwWqo7eI0x66KBGeRo+mlBEkMSeSZ38Nw=="],

    "zod": ["zod@4.1.12", "", {}, "sha512-JInaHOamG8pt5+Ey8kGmdcAcg3OL9reK8ltczgHTAwNhMys/6ThXHityHxVV2p3fkw/c+MAvBHFVYHFZDmjMCQ=="],
  }
}
