{
  "name": "@xieyuheng/occam-lisp.js",
  "version": "0.1.42",
  "lockfileVersion": 3,
  "requires": true,
  "packages": {
    "": {
      "name": "@xieyuheng/occam-lisp.js",
      "version": "0.1.42",
      "license": "GPL-3.0-or-later",
      "dependencies": {
        "@xieyuheng/commander.js": "^0.1.4",
        "@xieyuheng/x-data.js": "^0.1.32"
      },
      "bin": {
        "occam-lisp.js": "lib/main.js"
      },
      "devDependencies": {
        "@types/node": "^24.3.0",
        "prettier": "^3.6.2",
        "prettier-plugin-organize-imports": "^4.2.0",
        "typescript": "^5.9.2"
      }
    },
    "node_modules/@types/node": {
      "version": "24.3.0",
      "resolved": "https://registry.npmjs.org/@types/node/-/node-24.3.0.tgz",
      "integrity": "sha512-aPTXCrfwnDLj4VvXrm+UUCQjNEvJgNA8s5F1cvwQU+3KNltTOkBm1j30uNLyqqPNe7gE3KFzImYoZEfLhp4Yow==",
      "dev": true,
      "license": "MIT",
      "dependencies": {
        "undici-types": "~7.10.0"
      }
    },
    "node_modules/@types/yargs-parser": {
      "version": "21.0.3",
      "resolved": "https://registry.npmjs.org/@types/yargs-parser/-/yargs-parser-21.0.3.tgz",
      "integrity": "sha512-I4q9QU9MQv4oEOz4tAHJtNz1cwuLxn2F3xcc2iV5WdqLPpUnj30aUuxt1mAxYTG+oe8CZMV/+6rU4S4gRDzqtQ==",
      "license": "MIT"
    },
    "node_modules/@xieyuheng/commander.js": {
      "version": "0.1.4",
      "resolved": "https://registry.npmjs.org/@xieyuheng/commander.js/-/commander.js-0.1.4.tgz",
      "integrity": "sha512-Sxz708kNzftrfg//FnSv974MToFOkfvdHlyo6AApjgN8uuC3hYkG4T0DJP9CJGuUjv66xCLkMpFpjtcgBDFIVg==",
      "license": "GPL-3.0-or-later",
      "dependencies": {
        "@types/yargs-parser": "^21.0.3",
        "yargs-parser": "^22.0.0"
      },
      "bin": {
        "commander.js": "lib/main.js"
      }
    },
    "node_modules/@xieyuheng/x-data.js": {
      "version": "0.1.32",
      "resolved": "https://registry.npmjs.org/@xieyuheng/x-data.js/-/x-data.js-0.1.32.tgz",
      "integrity": "sha512-nh0fLvtke6tSbj63hTgu85rgqj3O2xg3evSYjLGYLXc1em6N9lXPTjzzBUmvn0Gn5aOTldDLQCQ2pk4RenHx7w==",
      "license": "GPL-3.0-or-later",
      "bin": {
        "x-data.js": "lib/main.js"
      }
    },
    "node_modules/prettier": {
      "version": "3.6.2",
      "resolved": "https://registry.npmjs.org/prettier/-/prettier-3.6.2.tgz",
      "integrity": "sha512-I7AIg5boAr5R0FFtJ6rCfD+LFsWHp81dolrFD8S79U9tb8Az2nGrJncnMSnys+bpQJfRUzqs9hnA81OAA3hCuQ==",
      "dev": true,
      "license": "MIT",
      "bin": {
        "prettier": "bin/prettier.cjs"
      },
      "engines": {
        "node": ">=14"
      },
      "funding": {
        "url": "https://github.com/prettier/prettier?sponsor=1"
      }
    },
    "node_modules/prettier-plugin-organize-imports": {
      "version": "4.2.0",
      "resolved": "https://registry.npmjs.org/prettier-plugin-organize-imports/-/prettier-plugin-organize-imports-4.2.0.tgz",
      "integrity": "sha512-Zdy27UhlmyvATZi67BTnLcKTo8fm6Oik59Sz6H64PgZJVs6NJpPD1mT240mmJn62c98/QaL+r3kx9Q3gRpDajg==",
      "dev": true,
      "license": "MIT",
      "peerDependencies": {
        "prettier": ">=2.0",
        "typescript": ">=2.9",
        "vue-tsc": "^2.1.0 || 3"
      },
      "peerDependenciesMeta": {
        "vue-tsc": {
          "optional": true
        }
      }
    },
    "node_modules/typescript": {
      "version": "5.9.2",
      "resolved": "https://registry.npmjs.org/typescript/-/typescript-5.9.2.tgz",
      "integrity": "sha512-CWBzXQrc/qOkhidw1OzBTQuYRbfyxDXJMVJ1XNwUHGROVmuaeiEm3OslpZ1RV96d7SKKjZKrSJu3+t/xlw3R9A==",
      "dev": true,
      "license": "Apache-2.0",
      "bin": {
        "tsc": "bin/tsc",
        "tsserver": "bin/tsserver"
      },
      "engines": {
        "node": ">=14.17"
      }
    },
    "node_modules/undici-types": {
      "version": "7.10.0",
      "resolved": "https://registry.npmjs.org/undici-types/-/undici-types-7.10.0.tgz",
      "integrity": "sha512-t5Fy/nfn+14LuOc2KNYg75vZqClpAiqscVvMygNnlsHBFpSXdJaYtXMcdNLpl/Qvc3P2cB3s6lOV51nqsFq4ag==",
      "dev": true,
      "license": "MIT"
    },
    "node_modules/yargs-parser": {
      "version": "22.0.0",
      "resolved": "https://registry.npmjs.org/yargs-parser/-/yargs-parser-22.0.0.tgz",
      "integrity": "sha512-rwu/ClNdSMpkSrUb+d6BRsSkLUq1fmfsY6TOpYzTwvwkg1/NRG85KBy3kq++A8LKQwX6lsu+aWad+2khvuXrqw==",
      "license": "ISC",
      "engines": {
        "node": "^20.19.0 || ^22.12.0 || >=23"
      }
    }
  }
}
