lockfileVersion: '9.0'

settings:
  autoInstallPeers: true
  excludeLinksFromLockfile: false

importers:

  projects/cmd.js:
    dependencies:
      '@xieyuheng/helpers.js':
        specifier: workspace:*
        version: link:../helpers.js
    devDependencies:
      '@types/node':
        specifier: ^25.2.3
        version: 25.2.3
      prettier:
        specifier: ^3.8.1
        version: 3.8.1
      prettier-plugin-organize-imports:
        specifier: ^4.3.0
        version: 4.3.0(prettier@3.8.1)(typescript@5.9.3)
      typescript:
        specifier: ^5.9.3
        version: 5.9.3

  projects/helpers.js:
    devDependencies:
      '@types/node':
        specifier: ^25.2.3
        version: 25.2.3
      prettier:
        specifier: ^3.8.1
        version: 3.8.1
      prettier-plugin-organize-imports:
        specifier: ^4.3.0
        version: 4.3.0(prettier@3.8.1)(typescript@5.9.3)
      typescript:
        specifier: ^5.9.3
        version: 5.9.3

  projects/ppml.js:
    dependencies:
      '@xieyuheng/helpers.js':
        specifier: workspace:*
        version: link:../helpers.js
    devDependencies:
      '@types/node':
        specifier: ^25.2.3
        version: 25.2.3
      prettier:
        specifier: ^3.8.1
        version: 3.8.1
      prettier-plugin-organize-imports:
        specifier: ^4.3.0
        version: 4.3.0(prettier@3.8.1)(typescript@5.9.3)
      typescript:
        specifier: ^5.9.3
        version: 5.9.3

  projects/sexp.js:
    dependencies:
      '@xieyuheng/helpers.js':
        specifier: workspace:*
        version: link:../helpers.js
      '@xieyuheng/ppml.js':
        specifier: workspace:*
        version: link:../ppml.js
    devDependencies:
      '@types/node':
        specifier: ^25.2.3
        version: 25.2.3
      prettier:
        specifier: ^3.8.1
        version: 3.8.1
      prettier-plugin-organize-imports:
        specifier: ^4.3.0
        version: 4.3.0(prettier@3.8.1)(typescript@5.9.3)
      typescript:
        specifier: ^5.9.3
        version: 5.9.3

  projects/x-lisp-compiler.js:
    dependencies:
      '@xieyuheng/cmd.js':
        specifier: workspace:*
        version: link:../cmd.js
      '@xieyuheng/helpers.js':
        specifier: workspace:*
        version: link:../helpers.js
      '@xieyuheng/ppml.js':
        specifier: workspace:*
        version: link:../ppml.js
      '@xieyuheng/sexp.js':
        specifier: workspace:*
        version: link:../sexp.js
      zod:
        specifier: ^4.3.6
        version: 4.3.6
    devDependencies:
      '@types/node':
        specifier: ^25.2.3
        version: 25.2.3
      prettier:
        specifier: ^3.8.1
        version: 3.8.1
      prettier-plugin-organize-imports:
        specifier: ^4.3.0
        version: 4.3.0(prettier@3.8.1)(typescript@5.9.3)
      typescript:
        specifier: ^5.9.3
        version: 5.9.3

  projects/x-lisp-proto.js:
    dependencies:
      '@xieyuheng/cmd.js':
        specifier: workspace:*
        version: link:../cmd.js
      '@xieyuheng/helpers.js':
        specifier: workspace:*
        version: link:../helpers.js
      '@xieyuheng/sexp.js':
        specifier: workspace:*
        version: link:../sexp.js
    devDependencies:
      '@types/node':
        specifier: ^25.2.3
        version: 25.2.3
      prettier:
        specifier: ^3.8.1
        version: 3.8.1
      prettier-plugin-organize-imports:
        specifier: ^4.3.0
        version: 4.3.0(prettier@3.8.1)(typescript@5.9.3)
      typescript:
        specifier: ^5.9.3
        version: 5.9.3

packages:

  '@types/node@25.2.3':
    resolution: {integrity: sha512-m0jEgYlYz+mDJZ2+F4v8D1AyQb+QzsNqRuI7xg1VQX/KlKS0qT9r1Mo16yo5F/MtifXFgaofIFsdFMox2SxIbQ==}

  prettier-plugin-organize-imports@4.3.0:
    resolution: {integrity: sha512-FxFz0qFhyBsGdIsb697f/EkvHzi5SZOhWAjxcx2dLt+Q532bAlhswcXGYB1yzjZ69kW8UoadFBw7TyNwlq96Iw==}
    peerDependencies:
      prettier: '>=2.0'
      typescript: '>=2.9'
      vue-tsc: ^2.1.0 || 3
    peerDependenciesMeta:
      vue-tsc:
        optional: true

  prettier@3.8.1:
    resolution: {integrity: sha512-UOnG6LftzbdaHZcKoPFtOcCKztrQ57WkHDeRD9t/PTQtmT0NHSeWWepj6pS0z/N7+08BHFDQVUrfmfMRcZwbMg==}
    engines: {node: '>=14'}
    hasBin: true

  typescript@5.9.3:
    resolution: {integrity: sha512-jl1vZzPDinLr9eUt3J/t7V6FgNEw9QjvBPdysz9KfQDD41fQrC2Y4vKQdiaUpFT4bXlb1RHhLpp8wtm6M5TgSw==}
    engines: {node: '>=14.17'}
    hasBin: true

  undici-types@7.16.0:
    resolution: {integrity: sha512-Zz+aZWSj8LE6zoxD+xrjh4VfkIG8Ya6LvYkZqtUQGJPZjYl53ypCaUwWqo7eI0x66KBGeRo+mlBEkMSeSZ38Nw==}

  zod@4.3.6:
    resolution: {integrity: sha512-rftlrkhHZOcjDwkGlnUtZZkvaPHCsDATp4pGpuOOMDaTdDDXF91wuVDJoWoPsKX/3YPQ5fHuF3STjcYyKr+Qhg==}

snapshots:

  '@types/node@25.2.3':
    dependencies:
      undici-types: 7.16.0

  prettier-plugin-organize-imports@4.3.0(prettier@3.8.1)(typescript@5.9.3):
    dependencies:
      prettier: 3.8.1
      typescript: 5.9.3

  prettier@3.8.1: {}

  typescript@5.9.3: {}

  undici-types@7.16.0: {}

  zod@4.3.6: {}
