lockfileVersion: '9.0'

settings:
  autoInstallPeers: true
  excludeLinksFromLockfile: false

importers:

  projects/basic-lisp.js:
    dependencies:
      '@xieyuheng/command.js':
        specifier: workspace:*
        version: link:../command.js
      '@xieyuheng/helpers.js':
        specifier: workspace:*
        version: link:../helpers.js
      '@xieyuheng/sexp.js':
        specifier: workspace:*
        version: link:../sexp.js
      zod:
        specifier: ^4.1.13
        version: 4.1.13
    devDependencies:
      '@types/node':
        specifier: ^24.10.1
        version: 24.10.1
      prettier:
        specifier: ^3.7.1
        version: 3.7.1
      prettier-plugin-organize-imports:
        specifier: ^4.3.0
        version: 4.3.0(prettier@3.7.1)(typescript@5.9.3)
      typescript:
        specifier: ^5.9.3
        version: 5.9.3

  projects/binary.js:
    dependencies:
      '@xieyuheng/command.js':
        specifier: workspace:*
        version: link:../command.js
      '@xieyuheng/helpers.js':
        specifier: workspace:*
        version: link:../helpers.js
    devDependencies:
      '@types/node':
        specifier: ^24.10.1
        version: 24.10.1
      prettier:
        specifier: ^3.7.1
        version: 3.7.1
      prettier-plugin-organize-imports:
        specifier: ^4.3.0
        version: 4.3.0(prettier@3.7.1)(typescript@5.9.3)
      typescript:
        specifier: ^5.9.3
        version: 5.9.3

  projects/command.js:
    dependencies:
      '@xieyuheng/helpers.js':
        specifier: workspace:*
        version: link:../helpers.js
    devDependencies:
      '@types/node':
        specifier: ^24.10.1
        version: 24.10.1
      prettier:
        specifier: ^3.7.1
        version: 3.7.1
      prettier-plugin-organize-imports:
        specifier: ^4.3.0
        version: 4.3.0(prettier@3.7.1)(typescript@5.9.3)
      typescript:
        specifier: ^5.9.3
        version: 5.9.3

  projects/helpers.js:
    devDependencies:
      '@types/node':
        specifier: ^24.10.1
        version: 24.10.1
      prettier:
        specifier: ^3.7.1
        version: 3.7.1
      prettier-plugin-organize-imports:
        specifier: ^4.3.0
        version: 4.3.0(prettier@3.7.1)(typescript@5.9.3)
      typescript:
        specifier: ^5.9.3
        version: 5.9.3

  projects/machine-lisp.js:
    dependencies:
      '@xieyuheng/command.js':
        specifier: workspace:*
        version: link:../command.js
      '@xieyuheng/helpers.js':
        specifier: workspace:*
        version: link:../helpers.js
      '@xieyuheng/sexp.js':
        specifier: workspace:*
        version: link:../sexp.js
    devDependencies:
      '@types/node':
        specifier: ^24.10.1
        version: 24.10.1
      prettier:
        specifier: ^3.7.1
        version: 3.7.1
      prettier-plugin-organize-imports:
        specifier: ^4.3.0
        version: 4.3.0(prettier@3.7.1)(typescript@5.9.3)
      typescript:
        specifier: ^5.9.3
        version: 5.9.3

  projects/sexp.js:
    dependencies:
      '@xieyuheng/helpers.js':
        specifier: workspace:*
        version: link:../helpers.js
    devDependencies:
      '@types/node':
        specifier: ^24.10.1
        version: 24.10.1
      prettier:
        specifier: ^3.7.1
        version: 3.7.1
      prettier-plugin-organize-imports:
        specifier: ^4.3.0
        version: 4.3.0(prettier@3.7.1)(typescript@5.9.3)
      typescript:
        specifier: ^5.9.3
        version: 5.9.3

  projects/x-lisp-boot.js:
    dependencies:
      '@xieyuheng/basic-lisp.js':
        specifier: workspace:*
        version: link:../basic-lisp.js
      '@xieyuheng/command.js':
        specifier: workspace:*
        version: link:../command.js
      '@xieyuheng/helpers.js':
        specifier: workspace:*
        version: link:../helpers.js
      '@xieyuheng/machine-lisp.js':
        specifier: workspace:*
        version: link:../machine-lisp.js
      '@xieyuheng/sexp.js':
        specifier: workspace:*
        version: link:../sexp.js
      zod:
        specifier: ^4.1.13
        version: 4.1.13
    devDependencies:
      '@types/node':
        specifier: ^24.10.1
        version: 24.10.1
      prettier:
        specifier: ^3.7.1
        version: 3.7.1
      prettier-plugin-organize-imports:
        specifier: ^4.3.0
        version: 4.3.0(prettier@3.7.1)(typescript@5.9.3)
      typescript:
        specifier: ^5.9.3
        version: 5.9.3

  projects/x-lisp-proto.js:
    dependencies:
      '@xieyuheng/command.js':
        specifier: workspace:*
        version: link:../command.js
      '@xieyuheng/helpers.js':
        specifier: workspace:*
        version: link:../helpers.js
      '@xieyuheng/sexp.js':
        specifier: workspace:*
        version: link:../sexp.js
    devDependencies:
      '@types/node':
        specifier: ^24.10.1
        version: 24.10.1
      prettier:
        specifier: ^3.7.1
        version: 3.7.1
      prettier-plugin-organize-imports:
        specifier: ^4.3.0
        version: 4.3.0(prettier@3.7.1)(typescript@5.9.3)
      typescript:
        specifier: ^5.9.3
        version: 5.9.3

packages:

  '@types/node@24.10.1':
    resolution: {integrity: sha512-GNWcUTRBgIRJD5zj+Tq0fKOJ5XZajIiBroOF0yvj2bSU1WvNdYS/dn9UxwsujGW4JX06dnHyjV2y9rRaybH0iQ==}

  prettier-plugin-organize-imports@4.3.0:
    resolution: {integrity: sha512-FxFz0qFhyBsGdIsb697f/EkvHzi5SZOhWAjxcx2dLt+Q532bAlhswcXGYB1yzjZ69kW8UoadFBw7TyNwlq96Iw==}
    peerDependencies:
      prettier: '>=2.0'
      typescript: '>=2.9'
      vue-tsc: ^2.1.0 || 3
    peerDependenciesMeta:
      vue-tsc:
        optional: true

  prettier@3.7.1:
    resolution: {integrity: sha512-RWKXE4qB3u5Z6yz7omJkjWwmTfLdcbv44jUVHC5NpfXwFGzvpQM798FGv/6WNK879tc+Cn0AAyherCl1KjbyZQ==}
    engines: {node: '>=14'}
    hasBin: true

  typescript@5.9.3:
    resolution: {integrity: sha512-jl1vZzPDinLr9eUt3J/t7V6FgNEw9QjvBPdysz9KfQDD41fQrC2Y4vKQdiaUpFT4bXlb1RHhLpp8wtm6M5TgSw==}
    engines: {node: '>=14.17'}
    hasBin: true

  undici-types@7.16.0:
    resolution: {integrity: sha512-Zz+aZWSj8LE6zoxD+xrjh4VfkIG8Ya6LvYkZqtUQGJPZjYl53ypCaUwWqo7eI0x66KBGeRo+mlBEkMSeSZ38Nw==}

  zod@4.1.13:
    resolution: {integrity: sha512-AvvthqfqrAhNH9dnfmrfKzX5upOdjUVJYFqNSlkmGf64gRaTzlPwz99IHYnVs28qYAybvAlBV+H7pn0saFY4Ig==}

snapshots:

  '@types/node@24.10.1':
    dependencies:
      undici-types: 7.16.0

  prettier-plugin-organize-imports@4.3.0(prettier@3.7.1)(typescript@5.9.3):
    dependencies:
      prettier: 3.7.1
      typescript: 5.9.3

  prettier@3.7.1: {}

  typescript@5.9.3: {}

  undici-types@7.16.0: {}

  zod@4.1.13: {}
