lockfileVersion: '9.0'

settings:
  autoInstallPeers: true
  excludeLinksFromLockfile: false

importers:

  projects/cmd.js:
    dependencies:
      '@xieyuheng/helpers.js':
        specifier: workspace:*
        version: link:../helpers.js
    devDependencies:
      '@types/node':
        specifier: ^25.6.0
        version: 25.6.0
      prettier:
        specifier: ^3.8.3
        version: 3.8.3
      prettier-plugin-organize-imports:
        specifier: ^4.3.0
        version: 4.3.0(prettier@3.8.3)(typescript@5.9.3)
      typescript:
        specifier: ^5.9.3
        version: 5.9.3

  projects/helpers.js:
    devDependencies:
      '@types/node':
        specifier: ^25.6.0
        version: 25.6.0
      prettier:
        specifier: ^3.8.3
        version: 3.8.3
      prettier-plugin-organize-imports:
        specifier: ^4.3.0
        version: 4.3.0(prettier@3.8.3)(typescript@5.9.3)
      typescript:
        specifier: ^5.9.3
        version: 5.9.3

  projects/meta-lisp.js:
    dependencies:
      '@xieyuheng/cmd.js':
        specifier: workspace:*
        version: link:../cmd.js
      '@xieyuheng/helpers.js':
        specifier: workspace:*
        version: link:../helpers.js
      '@xieyuheng/ppml.js':
        specifier: workspace:*
        version: link:../ppml.js
      '@xieyuheng/sexp.js':
        specifier: workspace:*
        version: link:../sexp.js
      zod:
        specifier: ^4.4.2
        version: 4.4.2
    devDependencies:
      '@types/node':
        specifier: ^25.6.0
        version: 25.6.0
      prettier:
        specifier: ^3.8.3
        version: 3.8.3
      prettier-plugin-organize-imports:
        specifier: ^4.3.0
        version: 4.3.0(prettier@3.8.3)(typescript@5.9.3)
      typescript:
        specifier: ^5.9.3
        version: 5.9.3

  projects/ppml.js:
    dependencies:
      '@xieyuheng/helpers.js':
        specifier: workspace:*
        version: link:../helpers.js
    devDependencies:
      '@types/node':
        specifier: ^25.6.0
        version: 25.6.0
      prettier:
        specifier: ^3.8.3
        version: 3.8.3
      prettier-plugin-organize-imports:
        specifier: ^4.3.0
        version: 4.3.0(prettier@3.8.3)(typescript@5.9.3)
      typescript:
        specifier: ^5.9.3
        version: 5.9.3

  projects/sexp.js:
    dependencies:
      '@xieyuheng/helpers.js':
        specifier: workspace:*
        version: link:../helpers.js
      '@xieyuheng/ppml.js':
        specifier: workspace:*
        version: link:../ppml.js
    devDependencies:
      '@types/node':
        specifier: ^25.6.0
        version: 25.6.0
      prettier:
        specifier: ^3.8.3
        version: 3.8.3
      prettier-plugin-organize-imports:
        specifier: ^4.3.0
        version: 4.3.0(prettier@3.8.3)(typescript@5.9.3)
      typescript:
        specifier: ^5.9.3
        version: 5.9.3

packages:

  '@types/node@25.6.0':
    resolution: {integrity: sha512-+qIYRKdNYJwY3vRCZMdJbPLJAtGjQBudzZzdzwQYkEPQd+PJGixUL5QfvCLDaULoLv+RhT3LDkwEfKaAkgSmNQ==}

  prettier-plugin-organize-imports@4.3.0:
    resolution: {integrity: sha512-FxFz0qFhyBsGdIsb697f/EkvHzi5SZOhWAjxcx2dLt+Q532bAlhswcXGYB1yzjZ69kW8UoadFBw7TyNwlq96Iw==}
    peerDependencies:
      prettier: '>=2.0'
      typescript: '>=2.9'
      vue-tsc: ^2.1.0 || 3
    peerDependenciesMeta:
      vue-tsc:
        optional: true

  prettier@3.8.3:
    resolution: {integrity: sha512-7igPTM53cGHMW8xWuVTydi2KO233VFiTNyF5hLJqpilHfmn8C8gPf+PS7dUT64YcXFbiMGZxS9pCSxL/Dxm/Jw==}
    engines: {node: '>=14'}
    hasBin: true

  typescript@5.9.3:
    resolution: {integrity: sha512-jl1vZzPDinLr9eUt3J/t7V6FgNEw9QjvBPdysz9KfQDD41fQrC2Y4vKQdiaUpFT4bXlb1RHhLpp8wtm6M5TgSw==}
    engines: {node: '>=14.17'}
    hasBin: true

  undici-types@7.19.2:
    resolution: {integrity: sha512-qYVnV5OEm2AW8cJMCpdV20CDyaN3g0AjDlOGf1OW4iaDEx8MwdtChUp4zu4H0VP3nDRF/8RKWH+IPp9uW0YGZg==}

  zod@4.4.2:
    resolution: {integrity: sha512-IynmDyxsEsb9RKzO3J9+4SxXnl2FTFSzNBaKKaMV6tsSk0rw9gYw9gs+JFCq/qk2LCZ78KDwyj+Z289TijSkUw==}

snapshots:

  '@types/node@25.6.0':
    dependencies:
      undici-types: 7.19.2

  prettier-plugin-organize-imports@4.3.0(prettier@3.8.3)(typescript@5.9.3):
    dependencies:
      prettier: 3.8.3
      typescript: 5.9.3

  prettier@3.8.3: {}

  typescript@5.9.3: {}

  undici-types@7.19.2: {}

  zod@4.4.2: {}
